
Microsoft Visual Studio Solution File, Format Version 12.00
# Visual Studio 15
VisualStudioVersion = 15.0.28307.757
MinimumVisualStudioVersion = 10.0.40219.1
Project("{FAE04EC0-301F-11D3-BF4B-00C04F79EFBC}") = "WebApplication1", "WebApplication1\WebApplication1.csproj", "{8E9AC6BF-8B05-48B5-BA19-3E292207B016}"
EndProject
Global
	GlobalSection(SolutionConfigurationPlatforms) = preSolution
		Debug|Any CPU = Debug|Any CPU
		Release|Any CPU = Release|Any CPU
	EndGlobalSection
	GlobalSection(ProjectConfigurationPlatforms) = postSolution
		{8E9AC6BF-8B05-48B5-BA19-3E292207B016}.Debug|Any CPU.ActiveCfg = Debug|Any CPU
		{8E9AC6BF-8B05-48B5-BA19-3E292207B016}.Debug|Any CPU.Build.0 = Debug|Any CPU
		{8E9AC6BF-8B05-48B5-BA19-3E292207B016}.Release|Any CPU.ActiveCfg = Release|Any CPU
		{8E9AC6BF-8B05-48B5-BA19-3E292207B016}.Release|Any CPU.Build.0 = Release|Any CPU
	EndGlobalSection
	GlobalSection(SolutionProperties) = preSolution
		HideSolutionNode = FALSE
	EndGlobalSection
	GlobalSection(ExtensibilityGlobals) = postSolution
		SolutionGuid = {AB61E262-2B08-4091-8F82-A9DF44EC6496}
	EndGlobalSection
EndGlobal
